// !$*UTF8*$!
{
	archiveVersion = 1;
	classes = {
	};
	objectVersion = 56;
	objects = {

/* Begin PBXBuildFile section */
		6501FF142C1514EF009831C3 /* HistoryView.swift in Sources */ = {isa = PBXBuildFile; fileRef = 6501FF132C1514EF009831C3 /* HistoryView.swift */; };
		654E4A6B2C0F442B00FF8ABC /* MatchConfigView.swift in Sources */ = {isa = PBXBuildFile; fileRef = 654E4A6A2C0F442B00FF8ABC /* MatchConfigView.swift */; };
		657395FC2C0DB0B0009C22BC /* liveScoreWatchOnly Watch App.app in Embed Watch Content */ = {isa = PBXBuildFile; fileRef = 657395FB2C0DB0B0009C22BC /* liveScoreWatchOnly Watch App.app */; settings = {ATTRIBUTES = (RemoveHeadersOnCopy, ); }; };
		657396012C0DB0B0009C22BC /* liveScoreWatchOnlyApp.swift in Sources */ = {isa = PBXBuildFile; fileRef = 657396002C0DB0B0009C22BC /* liveScoreWatchOnlyApp.swift */; };
		657396032C0DB0B0009C22BC /* ContentView.swift in Sources */ = {isa = PBXBuildFile; fileRef = 657396022C0DB0B0009C22BC /* ContentView.swift */; };
		657396052C0DB0B2009C22BC /* Assets.xcassets in Resources */ = {isa = PBXBuildFile; fileRef = 657396042C0DB0B2009C22BC /* Assets.xcassets */; };
		657396082C0DB0B2009C22BC /* Preview Assets.xcassets in Resources */ = {isa = PBXBuildFile; fileRef = 657396072C0DB0B2009C22BC /* Preview Assets.xcassets */; };
		657396142C0DB2F0009C22BC /* MatchView.swift in Sources */ = {isa = PBXBuildFile; fileRef = 657396132C0DB2F0009C22BC /* MatchView.swift */; };
		657396182C0DB9B6009C22BC /* MatchModel.swift in Sources */ = {isa = PBXBuildFile; fileRef = 657396172C0DB9B6009C22BC /* MatchModel.swift */; };
/* End PBXBuildFile section */

/* Begin PBXContainerItemProxy section */
		657395FD2C0DB0B0009C22BC /* PBXContainerItemProxy */ = {
			isa = PBXContainerItemProxy;
			containerPortal = 657395EF2C0DB0AF009C22BC /* Project object */;
			proxyType = 1;
			remoteGlobalIDString = 657395FA2C0DB0B0009C22BC;
			remoteInfo = "liveScoreWatchOnly Watch App";
		};
/* End PBXContainerItemProxy section */

/* Begin PBXCopyFilesBuildPhase section */
		6573960E2C0DB0B2009C22BC /* Embed Watch Content */ = {
			isa = PBXCopyFilesBuildPhase;
			buildActionMask = 2147483647;
			dstPath = "$(CONTENTS_FOLDER_PATH)/Watch";
			dstSubfolderSpec = 16;
			files = (
				657395FC2C0DB0B0009C22BC /* liveScoreWatchOnly Watch App.app in Embed Watch Content */,
			);
			name = "Embed Watch Content";
			runOnlyForDeploymentPostprocessing = 0;
		};
/* End PBXCopyFilesBuildPhase section */

/* Begin PBXFileReference section */
		6501FF132C1514EF009831C3 /* HistoryView.swift */ = {isa = PBXFileReference; lastKnownFileType = sourcecode.swift; path = HistoryView.swift; sourceTree = "<group>"; };
		654E4A6A2C0F442B00FF8ABC /* MatchConfigView.swift */ = {isa = PBXFileReference; lastKnownFileType = sourcecode.swift; path = MatchConfigView.swift; sourceTree = "<group>"; };
		657395F52C0DB0B0009C22BC /* liveScoreWatchOnly.app */ = {isa = PBXFileReference; explicitFileType = wrapper.application; includeInIndex = 0; path = liveScoreWatchOnly.app; sourceTree = BUILT_PRODUCTS_DIR; };
		657395FB2C0DB0B0009C22BC /* liveScoreWatchOnly Watch App.app */ = {isa = PBXFileReference; explicitFileType = wrapper.application; includeInIndex = 0; path = "liveScoreWatchOnly Watch App.app"; sourceTree = BUILT_PRODUCTS_DIR; };
		657396002C0DB0B0009C22BC /* liveScoreWatchOnlyApp.swift */ = {isa = PBXFileReference; lastKnownFileType = sourcecode.swift; path = liveScoreWatchOnlyApp.swift; sourceTree = "<group>"; };
		657396022C0DB0B0009C22BC /* ContentView.swift */ = {isa = PBXFileReference; lastKnownFileType = sourcecode.swift; path = ContentView.swift; sourceTree = "<group>"; };
		657396042C0DB0B2009C22BC /* Assets.xcassets */ = {isa = PBXFileReference; lastKnownFileType = folder.assetcatalog; path = Assets.xcassets; sourceTree = "<group>"; };
		657396072C0DB0B2009C22BC /* Preview Assets.xcassets */ = {isa = PBXFileReference; lastKnownFileType = folder.assetcatalog; path = "Preview Assets.xcassets"; sourceTree = "<group>"; };
		657396132C0DB2F0009C22BC /* MatchView.swift */ = {isa = PBXFileReference; lastKnownFileType = sourcecode.swift; path = MatchView.swift; sourceTree = "<group>"; };
		657396172C0DB9B6009C22BC /* MatchModel.swift */ = {isa = PBXFileReference; lastKnownFileType = sourcecode.swift; name = MatchModel.swift; path = ../MatchModel.swift; sourceTree = "<group>"; };
/* End PBXFileReference section */

/* Begin PBXFrameworksBuildPhase section */
		657395F82C0DB0B0009C22BC /* Frameworks */ = {
			isa = PBXFrameworksBuildPhase;
			buildActionMask = 2147483647;
			files = (
			);
			runOnlyForDeploymentPostprocessing = 0;
		};
/* End PBXFrameworksBuildPhase section */

/* Begin PBXGroup section */
		657395EE2C0DB0AF009C22BC = {
			isa = PBXGroup;
			children = (
				657395FF2C0DB0B0009C22BC /* liveScoreWatchOnly Watch App */,
				657395F62C0DB0B0009C22BC /* Products */,
			);
			sourceTree = "<group>";
		};
		657395F62C0DB0B0009C22BC /* Products */ = {
			isa = PBXGroup;
			children = (
				657395F52C0DB0B0009C22BC /* liveScoreWatchOnly.app */,
				657395FB2C0DB0B0009C22BC /* liveScoreWatchOnly Watch App.app */,
			);
			name = Products;
			sourceTree = "<group>";
		};
		657395FF2C0DB0B0009C22BC /* liveScoreWatchOnly Watch App */ = {
			isa = PBXGroup;
			children = (
				657396172C0DB9B6009C22BC /* MatchModel.swift */,
				657396122C0DB2D3009C22BC /* views */,
				657396002C0DB0B0009C22BC /* liveScoreWatchOnlyApp.swift */,
				657396022C0DB0B0009C22BC /* ContentView.swift */,
				657396042C0DB0B2009C22BC /* Assets.xcassets */,
				657396062C0DB0B2009C22BC /* Preview Content */,
			);
			path = "liveScoreWatchOnly Watch App";
			sourceTree = "<group>";
		};
		657396062C0DB0B2009C22BC /* Preview Content */ = {
			isa = PBXGroup;
			children = (
				657396072C0DB0B2009C22BC /* Preview Assets.xcassets */,
			);
			path = "Preview Content";
			sourceTree = "<group>";
		};
		657396122C0DB2D3009C22BC /* views */ = {
			isa = PBXGroup;
			children = (
				657396132C0DB2F0009C22BC /* MatchView.swift */,
				654E4A6A2C0F442B00FF8ABC /* MatchConfigView.swift */,
				6501FF132C1514EF009831C3 /* HistoryView.swift */,
			);
			path = views;
			sourceTree = "<group>";
		};
/* End PBXGroup section */

/* Begin PBXNativeTarget section */
		657395F42C0DB0B0009C22BC /* liveScoreWatchOnly */ = {
			isa = PBXNativeTarget;
			buildConfigurationList = 6573960F2C0DB0B2009C22BC /* Build configuration list for PBXNativeTarget "liveScoreWatchOnly" */;
			buildPhases = (
				657395F32C0DB0B0009C22BC /* Resources */,
				6573960E2C0DB0B2009C22BC /* Embed Watch Content */,
			);
			buildRules = (
			);
			dependencies = (
				657395FE2C0DB0B0009C22BC /* PBXTargetDependency */,
			);
			name = liveScoreWatchOnly;
			productName = liveScoreWatchOnly;
			productReference = 657395F52C0DB0B0009C22BC /* liveScoreWatchOnly.app */;
			productType = "com.apple.product-type.application.watchapp2-container";
		};
		657395FA2C0DB0B0009C22BC /* liveScoreWatchOnly Watch App */ = {
			isa = PBXNativeTarget;
			buildConfigurationList = 6573960B2C0DB0B2009C22BC /* Build configuration list for PBXNativeTarget "liveScoreWatchOnly Watch App" */;
			buildPhases = (
				657395F72C0DB0B0009C22BC /* Sources */,
				657395F82C0DB0B0009C22BC /* Frameworks */,
				657395F92C0DB0B0009C22BC /* Resources */,
			);
			buildRules = (
			);
			dependencies = (
			);
			name = "liveScoreWatchOnly Watch App";
			productName = "liveScoreWatchOnly Watch App";
			productReference = 657395FB2C0DB0B0009C22BC /* liveScoreWatchOnly Watch App.app */;
			productType = "com.apple.product-type.application";
		};
/* End PBXNativeTarget section */

/* Begin PBXProject section */
		657395EF2C0DB0AF009C22BC /* Project object */ = {
			isa = PBXProject;
			attributes = {
				BuildIndependentTargetsInParallel = 1;
				LastSwiftUpdateCheck = 1530;
				LastUpgradeCheck = 1530;
				TargetAttributes = {
					657395F42C0DB0B0009C22BC = {
						CreatedOnToolsVersion = 15.3;
					};
					657395FA2C0DB0B0009C22BC = {
						CreatedOnToolsVersion = 15.3;
					};
				};
			};
			buildConfigurationList = 657395F22C0DB0AF009C22BC /* Build configuration list for PBXProject "liveScoreWatchOnly" */;
			compatibilityVersion = "Xcode 14.0";
			developmentRegion = en;
			hasScannedForEncodings = 0;
			knownRegions = (
				en,
				Base,
			);
			mainGroup = 657395EE2C0DB0AF009C22BC;
			productRefGroup = 657395F62C0DB0B0009C22BC /* Products */;
			projectDirPath = "";
			projectRoot = "";
			targets = (
				657395F42C0DB0B0009C22BC /* liveScoreWatchOnly */,
				657395FA2C0DB0B0009C22BC /* liveScoreWatchOnly Watch App */,
			);
		};
/* End PBXProject section */

/* Begin PBXResourcesBuildPhase section */
		657395F32C0DB0B0009C22BC /* Resources */ = {
			isa = PBXResourcesBuildPhase;
			buildActionMask = 2147483647;
			files = (
			);
			runOnlyForDeploymentPostprocessing = 0;
		};
		657395F92C0DB0B0009C22BC /* Resources */ = {
			isa = PBXResourcesBuildPhase;
			buildActionMask = 2147483647;
			files = (
				657396082C0DB0B2009C22BC /* Preview Assets.xcassets in Resources */,
				657396052C0DB0B2009C22BC /* Assets.xcassets in Resources */,
			);
			runOnlyForDeploymentPostprocessing = 0;
		};
/* End PBXResourcesBuildPhase section */

/* Begin PBXSourcesBuildPhase section */
		657395F72C0DB0B0009C22BC /* Sources */ = {
			isa = PBXSourcesBuildPhase;
			buildActionMask = 2147483647;
			files = (
				654E4A6B2C0F442B00FF8ABC /* MatchConfigView.swift in Sources */,
				6501FF142C1514EF009831C3 /* HistoryView.swift in Sources */,
				657396032C0DB0B0009C22BC /* ContentView.swift in Sources */,
				657396012C0DB0B0009C22BC /* liveScoreWatchOnlyApp.swift in Sources */,
				657396182C0DB9B6009C22BC /* MatchModel.swift in Sources */,
				657396142C0DB2F0009C22BC /* MatchView.swift in Sources */,
			);
			runOnlyForDeploymentPostprocessing = 0;
		};
/* End PBXSourcesBuildPhase section */

/* Begin PBXTargetDependency section */
		657395FE2C0DB0B0009C22BC /* PBXTargetDependency */ = {
			isa = PBXTargetDependency;
			target = 657395FA2C0DB0B0009C22BC /* liveScoreWatchOnly Watch App */;
			targetProxy = 657395FD2C0DB0B0009C22BC /* PBXContainerItemProxy */;
		};
/* End PBXTargetDependency section */

/* Begin XCBuildConfiguration section */
		657396092C0DB0B2009C22BC /* Debug */ = {
			isa = XCBuildConfiguration;
			buildSettings = {
				ALWAYS_SEARCH_USER_PATHS = NO;
				ASSETCATALOG_COMPILER_GENERATE_SWIFT_ASSET_SYMBOL_EXTENSIONS = YES;
				CLANG_ANALYZER_NONNULL = YES;
				CLANG_ANALYZER_NUMBER_OBJECT_CONVERSION = YES_AGGRESSIVE;
				CLANG_CXX_LANGUAGE_STANDARD = "gnu++20";
				CLANG_ENABLE_MODULES = YES;
				CLANG_ENABLE_OBJC_ARC = YES;
				CLANG_ENABLE_OBJC_WEAK = YES;
				CLANG_WARN_BLOCK_CAPTURE_AUTORELEASING = YES;
				CLANG_WARN_BOOL_CONVERSION = YES;
				CLANG_WARN_COMMA = YES;
				CLANG_WARN_CONSTANT_CONVERSION = YES;
				CLANG_WARN_DEPRECATED_OBJC_IMPLEMENTATIONS = YES;
				CLANG_WARN_DIRECT_OBJC_ISA_USAGE = YES_ERROR;
				CLANG_WARN_DOCUMENTATION_COMMENTS = YES;
				CLANG_WARN_EMPTY_BODY = YES;
				CLANG_WARN_ENUM_CONVERSION = YES;
				CLANG_WARN_INFINITE_RECURSION = YES;
				CLANG_WARN_INT_CONVERSION = YES;
				CLANG_WARN_NON_LITERAL_NULL_CONVERSION = YES;
				CLANG_WARN_OBJC_IMPLICIT_RETAIN_SELF = YES;
				CLANG_WARN_OBJC_LITERAL_CONVERSION = YES;
				CLANG_WARN_OBJC_ROOT_CLASS = YES_ERROR;
				CLANG_WARN_QUOTED_INCLUDE_IN_FRAMEWORK_HEADER = YES;
				CLANG_WARN_RANGE_LOOP_ANALYSIS = YES;
				CLANG_WARN_STRICT_PROTOTYPES = YES;
				CLANG_WARN_SUSPICIOUS_MOVE = YES;
				CLANG_WARN_UNGUARDED_AVAILABILITY = YES_AGGRESSIVE;
				CLANG_WARN_UNREACHABLE_CODE = YES;
				CLANG_WARN__DUPLICATE_METHOD_MATCH = YES;
				COPY_PHASE_STRIP = NO;
				DEBUG_INFORMATION_FORMAT = dwarf;
				ENABLE_STRICT_OBJC_MSGSEND = YES;
				ENABLE_TESTABILITY = YES;
				ENABLE_USER_SCRIPT_SANDBOXING = YES;
				GCC_C_LANGUAGE_STANDARD = gnu17;
				GCC_DYNAMIC_NO_PIC = NO;
				GCC_NO_COMMON_BLOCKS = YES;
				GCC_OPTIMIZATION_LEVEL = 0;
				GCC_PREPROCESSOR_DEFINITIONS = (
					"DEBUG=1",
					"$(inherited)",
				);
				GCC_WARN_64_TO_32_BIT_CONVERSION = YES;
				GCC_WARN_ABOUT_RETURN_TYPE = YES_ERROR;
				GCC_WARN_UNDECLARED_SELECTOR = YES;
				GCC_WARN_UNINITIALIZED_AUTOS = YES_AGGRESSIVE;
				GCC_WARN_UNUSED_FUNCTION = YES;
				GCC_WARN_UNUSED_VARIABLE = YES;
				LOCALIZATION_PREFERS_STRING_CATALOGS = YES;
				MTL_ENABLE_DEBUG_INFO = INCLUDE_SOURCE;
				MTL_FAST_MATH = YES;
				ONLY_ACTIVE_ARCH = YES;
				SWIFT_ACTIVE_COMPILATION_CONDITIONS = "DEBUG $(inherited)";
				SWIFT_OPTIMIZATION_LEVEL = "-Onone";
			};
			name = Debug;
		};
		6573960A2C0DB0B2009C22BC /* Release */ = {
			isa = XCBuildConfiguration;
			buildSettings = {
				ALWAYS_SEARCH_USER_PATHS = NO;
				ASSETCATALOG_COMPILER_GENERATE_SWIFT_ASSET_SYMBOL_EXTENSIONS = YES;
				CLANG_ANALYZER_NONNULL = YES;
				CLANG_ANALYZER_NUMBER_OBJECT_CONVERSION = YES_AGGRESSIVE;
				CLANG_CXX_LANGUAGE_STANDARD = "gnu++20";
				CLANG_ENABLE_MODULES = YES;
				CLANG_ENABLE_OBJC_ARC = YES;
				CLANG_ENABLE_OBJC_WEAK = YES;
				CLANG_WARN_BLOCK_CAPTURE_AUTORELEASING = YES;
				CLANG_WARN_BOOL_CONVERSION = YES;
				CLANG_WARN_COMMA = YES;
				CLANG_WARN_CONSTANT_CONVERSION = YES;
				CLANG_WARN_DEPRECATED_OBJC_IMPLEMENTATIONS = YES;
				CLANG_WARN_DIRECT_OBJC_ISA_USAGE = YES_ERROR;
				CLANG_WARN_DOCUMENTATION_COMMENTS = YES;
				CLANG_WARN_EMPTY_BODY = YES;
				CLANG_WARN_ENUM_CONVERSION = YES;
				CLANG_WARN_INFINITE_RECURSION = YES;
				CLANG_WARN_INT_CONVERSION = YES;
				CLANG_WARN_NON_LITERAL_NULL_CONVERSION = YES;
				CLANG_WARN_OBJC_IMPLICIT_RETAIN_SELF = YES;
				CLANG_WARN_OBJC_LITERAL_CONVERSION = YES;
				CLANG_WARN_OBJC_ROOT_CLASS = YES_ERROR;
				CLANG_WARN_QUOTED_INCLUDE_IN_FRAMEWORK_HEADER = YES;
				CLANG_WARN_RANGE_LOOP_ANALYSIS = YES;
				CLANG_WARN_STRICT_PROTOTYPES = YES;
				CLANG_WARN_SUSPICIOUS_MOVE = YES;
				CLANG_WARN_UNGUARDED_AVAILABILITY = YES_AGGRESSIVE;
				CLANG_WARN_UNREACHABLE_CODE = YES;
				CLANG_WARN__DUPLICATE_METHOD_MATCH = YES;
				COPY_PHASE_STRIP = NO;
				DEBUG_INFORMATION_FORMAT = "dwarf-with-dsym";
				ENABLE_NS_ASSERTIONS = NO;
				ENABLE_STRICT_OBJC_MSGSEND = YES;
				ENABLE_USER_SCRIPT_SANDBOXING = YES;
				GCC_C_LANGUAGE_STANDARD = gnu17;
				GCC_NO_COMMON_BLOCKS = YES;
				GCC_WARN_64_TO_32_BIT_CONVERSION = YES;
				GCC_WARN_ABOUT_RETURN_TYPE = YES_ERROR;
				GCC_WARN_UNDECLARED_SELECTOR = YES;
				GCC_WARN_UNINITIALIZED_AUTOS = YES_AGGRESSIVE;
				GCC_WARN_UNUSED_FUNCTION = YES;
				GCC_WARN_UNUSED_VARIABLE = YES;
				LOCALIZATION_PREFERS_STRING_CATALOGS = YES;
				MTL_ENABLE_DEBUG_INFO = NO;
				MTL_FAST_MATH = YES;
				SWIFT_COMPILATION_MODE = wholemodule;
			};
			name = Release;
		};
		6573960C2C0DB0B2009C22BC /* Debug */ = {
			isa = XCBuildConfiguration;
			buildSettings = {
				ASSETCATALOG_COMPILER_APPICON_NAME = AppIcon;
				ASSETCATALOG_COMPILER_GLOBAL_ACCENT_COLOR_NAME = AccentColor;
				CODE_SIGN_STYLE = Automatic;
				CURRENT_PROJECT_VERSION = 1;
				DEVELOPMENT_ASSET_PATHS = "\"liveScoreWatchOnly Watch App/Preview Content\"";
				DEVELOPMENT_TEAM = F523477C7K;
				ENABLE_PREVIEWS = YES;
				GENERATE_INFOPLIST_FILE = YES;
				INFOPLIST_KEY_CFBundleDisplayName = liveScoreWatchOnly;
				INFOPLIST_KEY_UISupportedInterfaceOrientations = "UIInterfaceOrientationPortrait UIInterfaceOrientationPortraitUpsideDown";
				INFOPLIST_KEY_WKWatchOnly = YES;
				LD_RUNPATH_SEARCH_PATHS = (
					"$(inherited)",
					"@executable_path/Frameworks",
				);
				MARKETING_VERSION = 1.0;
				PRODUCT_BUNDLE_IDENTIFIER = com.pafego.liveScoreWatchOnly.watchkitapp;
				PRODUCT_NAME = "$(TARGET_NAME)";
				SDKROOT = watchos;
				SKIP_INSTALL = YES;
				SWIFT_EMIT_LOC_STRINGS = YES;
				SWIFT_VERSION = 5.0;
				TARGETED_DEVICE_FAMILY = 4;
				WATCHOS_DEPLOYMENT_TARGET = 10.4;
			};
			name = Debug;
		};
		6573960D2C0DB0B2009C22BC /* Release */ = {
			isa = XCBuildConfiguration;
			buildSettings = {
				ASSETCATALOG_COMPILER_APPICON_NAME = AppIcon;
				ASSETCATALOG_COMPILER_GLOBAL_ACCENT_COLOR_NAME = AccentColor;
				CODE_SIGN_STYLE = Automatic;
				CURRENT_PROJECT_VERSION = 1;
				DEVELOPMENT_ASSET_PATHS = "\"liveScoreWatchOnly Watch App/Preview Content\"";
				DEVELOPMENT_TEAM = F523477C7K;
				ENABLE_PREVIEWS = YES;
				GENERATE_INFOPLIST_FILE = YES;
				INFOPLIST_KEY_CFBundleDisplayName = liveScoreWatchOnly;
				INFOPLIST_KEY_UISupportedInterfaceOrientations = "UIInterfaceOrientationPortrait UIInterfaceOrientationPortraitUpsideDown";
				INFOPLIST_KEY_WKWatchOnly = YES;
				LD_RUNPATH_SEARCH_PATHS = (
					"$(inherited)",
					"@executable_path/Frameworks",
				);
				MARKETING_VERSION = 1.0;
				PRODUCT_BUNDLE_IDENTIFIER = com.pafego.liveScoreWatchOnly.watchkitapp;
				PRODUCT_NAME = "$(TARGET_NAME)";
				SDKROOT = watchos;
				SKIP_INSTALL = YES;
				SWIFT_EMIT_LOC_STRINGS = YES;
				SWIFT_VERSION = 5.0;
				TARGETED_DEVICE_FAMILY = 4;
				VALIDATE_PRODUCT = YES;
				WATCHOS_DEPLOYMENT_TARGET = 10.4;
			};
			name = Release;
		};
		657396102C0DB0B2009C22BC /* Debug */ = {
			isa = XCBuildConfiguration;
			buildSettings = {
				ALWAYS_EMBED_SWIFT_STANDARD_LIBRARIES = YES;
				CODE_SIGN_STYLE = Automatic;
				CURRENT_PROJECT_VERSION = 1;
				DEVELOPMENT_TEAM = F523477C7K;
				INFOPLIST_KEY_CFBundleDisplayName = liveScoreWatchOnly;
				MARKETING_VERSION = 1.0;
				PRODUCT_BUNDLE_IDENTIFIER = com.pafego.liveScoreWatchOnly;
				PRODUCT_NAME = "$(TARGET_NAME)";
				SDKROOT = iphoneos;
				SWIFT_VERSION = 5.0;
			};
			name = Debug;
		};
		657396112C0DB0B2009C22BC /* Release */ = {
			isa = XCBuildConfiguration;
			buildSettings = {
				ALWAYS_EMBED_SWIFT_STANDARD_LIBRARIES = YES;
				CODE_SIGN_STYLE = Automatic;
				CURRENT_PROJECT_VERSION = 1;
				DEVELOPMENT_TEAM = F523477C7K;
				INFOPLIST_KEY_CFBundleDisplayName = liveScoreWatchOnly;
				MARKETING_VERSION = 1.0;
				PRODUCT_BUNDLE_IDENTIFIER = com.pafego.liveScoreWatchOnly;
				PRODUCT_NAME = "$(TARGET_NAME)";
				SDKROOT = iphoneos;
				SWIFT_VERSION = 5.0;
				VALIDATE_PRODUCT = YES;
			};
			name = Release;
		};
/* End XCBuildConfiguration section */

/* Begin XCConfigurationList section */
		657395F22C0DB0AF009C22BC /* Build configuration list for PBXProject "liveScoreWatchOnly" */ = {
			isa = XCConfigurationList;
			buildConfigurations = (
				657396092C0DB0B2009C22BC /* Debug */,
				6573960A2C0DB0B2009C22BC /* Release */,
			);
			defaultConfigurationIsVisible = 0;
			defaultConfigurationName = Release;
		};
		6573960B2C0DB0B2009C22BC /* Build configuration list for PBXNativeTarget "liveScoreWatchOnly Watch App" */ = {
			isa = XCConfigurationList;
			buildConfigurations = (
				6573960C2C0DB0B2009C22BC /* Debug */,
				6573960D2C0DB0B2009C22BC /* Release */,
			);
			defaultConfigurationIsVisible = 0;
			defaultConfigurationName = Release;
		};
		6573960F2C0DB0B2009C22BC /* Build configuration list for PBXNativeTarget "liveScoreWatchOnly" */ = {
			isa = XCConfigurationList;
			buildConfigurations = (
				657396102C0DB0B2009C22BC /* Debug */,
				657396112C0DB0B2009C22BC /* Release */,
			);
			defaultConfigurationIsVisible = 0;
			defaultConfigurationName = Release;
		};
/* End XCConfigurationList section */
	};
	rootObject = 657395EF2C0DB0AF009C22BC /* Project object */;
}
